{
  "name": "@nguylinc/importing-package",
  "version": "1.0.2",
  "lockfileVersion": 3,
  "requires": true,
  "packages": {
    "": {
      "name": "@nguylinc/importing-package",
      "version": "1.0.2",
      "dependencies": {
        "@nguylinc/importable-package": "file:../ImportablePackage"
      }
    },
    "../ImportablePackage": {
      "version": "1.0.1"
    },
    "node_modules/@nguylinc/importable-package": {
      "resolved": "../ImportablePackage",
      "link": true
    }
  }
}
